
Microsoft Visual Studio Solution File, Format Version 12.00
# Visual Studio Version 16
VisualStudioVersion = 16.0.31911.196
MinimumVisualStudioVersion = 10.0.40219.1
Project("{FAE04EC0-301F-11D3-BF4B-00C04F79EFBC}") = "InterfacesExemplo", "InterfacesExemplo\InterfacesExemplo.csproj", "{77567E7A-3C52-495D-9E19-A37202E879A0}"
EndProject
Global
	GlobalSection(SolutionConfigurationPlatforms) = preSolution
		Debug|Any CPU = Debug|Any CPU
		Release|Any CPU = Release|Any CPU
	EndGlobalSection
	GlobalSection(ProjectConfigurationPlatforms) = postSolution
		{77567E7A-3C52-495D-9E19-A37202E879A0}.Debug|Any CPU.ActiveCfg = Debug|Any CPU
		{77567E7A-3C52-495D-9E19-A37202E879A0}.Debug|Any CPU.Build.0 = Debug|Any CPU
		{77567E7A-3C52-495D-9E19-A37202E879A0}.Release|Any CPU.ActiveCfg = Release|Any CPU
		{77567E7A-3C52-495D-9E19-A37202E879A0}.Release|Any CPU.Build.0 = Release|Any CPU
	EndGlobalSection
	GlobalSection(SolutionProperties) = preSolution
		HideSolutionNode = FALSE
	EndGlobalSection
	GlobalSection(ExtensibilityGlobals) = postSolution
		SolutionGuid = {D6E69830-7320-4564-B9AF-059D5AB3A29E}
	EndGlobalSection
EndGlobal
